{
    "version": 3,
    "terraform_version": "0.11.13",
    "serial": 2,
    "lineage": "c06adf1d-ff71-6b93-f663-2d8c083897a7",
    "modules": [
        {
            "path": [
                "root"
            ],
            "outputs": {},
            "resources": {
                "kubernetes_namespace.example": {
                    "type": "kubernetes_namespace",
                    "depends_on": [],
                    "primary": {
                        "id": "terraform-demo",
                        "attributes": {
                            "id": "terraform-demo",
                            "metadata.#": "1",
                            "metadata.0.annotations.%": "0",
                            "metadata.0.generate_name": "",
                            "metadata.0.generation": "0",
                            "metadata.0.labels.%": "0",
                            "metadata.0.name": "terraform-demo",
                            "metadata.0.resource_version": "5642397",
                            "metadata.0.self_link": "/api/v1/namespaces/terraform-demo",
                            "metadata.0.uid": "8204d1c8-6561-11e9-8c74-d222e60890f2"
                        },
                        "meta": {},
                        "tainted": false
                    },
                    "deposed": [],
                    "provider": "provider.kubernetes"
                }
            },
            "depends_on": []
        }
    ]
}
