{
    "version": 3,
    "terraform_version": "0.11.13",
    "serial": 2,
    "lineage": "35876344-094d-625b-bf25-592d14a70d48",
    "modules": [
        {
            "path": [
                "root"
            ],
            "outputs": {},
            "resources": {
                "kubernetes_replication_controller.example": {
                    "type": "kubernetes_replication_controller",
                    "depends_on": [],
                    "primary": {
                        "id": "terraform-demo/web-server",
                        "attributes": {
                            "id": "terraform-demo/web-server",
                            "metadata.#": "1",
                            "metadata.0.annotations.%": "0",
                            "metadata.0.generate_name": "",
                            "metadata.0.generation": "2",
                            "metadata.0.labels.%": "1",
                            "metadata.0.labels.app": "web-server",
                            "metadata.0.name": "web-server",
                            "metadata.0.namespace": "terraform-demo",
                            "metadata.0.resource_version": "5642532",
                            "metadata.0.self_link": "/api/v1/namespaces/terraform-demo/replicationcontrollers/web-server",
                            "metadata.0.uid": "8bc4a1ba-6561-11e9-8c74-d222e60890f2",
                            "spec.#": "1",
                            "spec.0.min_ready_seconds": "0",
                            "spec.0.replicas": "2",
                            "spec.0.selector.%": "1",
                            "spec.0.selector.app": "web-server",
                            "spec.0.template.#": "1",
                            "spec.0.template.0.active_deadline_seconds": "0",
                            "spec.0.template.0.container.#": "2",
                            "spec.0.template.0.container.0.args.#": "0",
                            "spec.0.template.0.container.0.command.#": "3",
                            "spec.0.template.0.container.0.command.0": "sh",
                            "spec.0.template.0.container.0.command.1": "-c",
                            "spec.0.template.0.container.0.command.2": "while true; do echo $(hostname) v1 \u003e /data/index.html; sleep 60; done",
                            "spec.0.template.0.container.0.env.#": "0",
                            "spec.0.template.0.container.0.env_from.#": "0",
                            "spec.0.template.0.container.0.image": "busybox",
                            "spec.0.template.0.container.0.image_pull_policy": "Always",
                            "spec.0.template.0.container.0.lifecycle.#": "0",
                            "spec.0.template.0.container.0.liveness_probe.#": "0",
                            "spec.0.template.0.container.0.name": "busybox",
                            "spec.0.template.0.container.0.port.#": "0",
                            "spec.0.template.0.container.0.readiness_probe.#": "0",
                            "spec.0.template.0.container.0.resources.#": "1",
                            "spec.0.template.0.container.0.security_context.#": "0",
                            "spec.0.template.0.container.0.stdin": "false",
                            "spec.0.template.0.container.0.stdin_once": "false",
                            "spec.0.template.0.container.0.termination_message_path": "/dev/termination-log",
                            "spec.0.template.0.container.0.tty": "false",
                            "spec.0.template.0.container.0.volume_mount.#": "1",
                            "spec.0.template.0.container.0.volume_mount.0.mount_path": "/data",
                            "spec.0.template.0.container.0.volume_mount.0.name": "content",
                            "spec.0.template.0.container.0.volume_mount.0.read_only": "false",
                            "spec.0.template.0.container.0.volume_mount.0.sub_path": "",
                            "spec.0.template.0.container.0.working_dir": "",
                            "spec.0.template.0.container.1.args.#": "0",
                            "spec.0.template.0.container.1.command.#": "0",
                            "spec.0.template.0.container.1.env.#": "0",
                            "spec.0.template.0.container.1.env_from.#": "0",
                            "spec.0.template.0.container.1.image": "nginx:1.7.8",
                            "spec.0.template.0.container.1.image_pull_policy": "IfNotPresent",
                            "spec.0.template.0.container.1.lifecycle.#": "0",
                            "spec.0.template.0.container.1.liveness_probe.#": "0",
                            "spec.0.template.0.container.1.name": "web",
                            "spec.0.template.0.container.1.port.#": "0",
                            "spec.0.template.0.container.1.readiness_probe.#": "0",
                            "spec.0.template.0.container.1.resources.#": "1",
                            "spec.0.template.0.container.1.security_context.#": "0",
                            "spec.0.template.0.container.1.stdin": "false",
                            "spec.0.template.0.container.1.stdin_once": "false",
                            "spec.0.template.0.container.1.termination_message_path": "/dev/termination-log",
                            "spec.0.template.0.container.1.tty": "false",
                            "spec.0.template.0.container.1.volume_mount.#": "1",
                            "spec.0.template.0.container.1.volume_mount.0.mount_path": "/usr/share/nginx/html",
                            "spec.0.template.0.container.1.volume_mount.0.name": "content",
                            "spec.0.template.0.container.1.volume_mount.0.read_only": "true",
                            "spec.0.template.0.container.1.volume_mount.0.sub_path": "",
                            "spec.0.template.0.container.1.working_dir": "",
                            "spec.0.template.0.dns_config.#": "0",
                            "spec.0.template.0.dns_policy": "ClusterFirst",
                            "spec.0.template.0.host_aliases.#": "0",
                            "spec.0.template.0.host_ipc": "false",
                            "spec.0.template.0.host_network": "false",
                            "spec.0.template.0.host_pid": "false",
                            "spec.0.template.0.hostname": "",
                            "spec.0.template.0.image_pull_secrets.#": "0",
                            "spec.0.template.0.init_container.#": "0",
                            "spec.0.template.0.metadata.#": "0",
                            "spec.0.template.0.node_name": "",
                            "spec.0.template.0.node_selector.%": "0",
                            "spec.0.template.0.restart_policy": "Always",
                            "spec.0.template.0.security_context.#": "0",
                            "spec.0.template.0.service_account_name": "",
                            "spec.0.template.0.spec.#": "0",
                            "spec.0.template.0.subdomain": "",
                            "spec.0.template.0.termination_grace_period_seconds": "0",
                            "spec.0.template.0.volume.#": "1",
                            "spec.0.template.0.volume.0.aws_elastic_block_store.#": "0",
                            "spec.0.template.0.volume.0.azure_disk.#": "0",
                            "spec.0.template.0.volume.0.azure_file.#": "0",
                            "spec.0.template.0.volume.0.ceph_fs.#": "0",
                            "spec.0.template.0.volume.0.cinder.#": "0",
                            "spec.0.template.0.volume.0.config_map.#": "0",
                            "spec.0.template.0.volume.0.downward_api.#": "0",
                            "spec.0.template.0.volume.0.empty_dir.#": "1",
                            "spec.0.template.0.volume.0.empty_dir.0.medium": "",
                            "spec.0.template.0.volume.0.fc.#": "0",
                            "spec.0.template.0.volume.0.flex_volume.#": "0",
                            "spec.0.template.0.volume.0.flocker.#": "0",
                            "spec.0.template.0.volume.0.gce_persistent_disk.#": "0",
                            "spec.0.template.0.volume.0.git_repo.#": "0",
                            "spec.0.template.0.volume.0.glusterfs.#": "0",
                            "spec.0.template.0.volume.0.host_path.#": "0",
                            "spec.0.template.0.volume.0.iscsi.#": "0",
                            "spec.0.template.0.volume.0.local.#": "0",
                            "spec.0.template.0.volume.0.name": "content",
                            "spec.0.template.0.volume.0.nfs.#": "0",
                            "spec.0.template.0.volume.0.persistent_volume_claim.#": "0",
                            "spec.0.template.0.volume.0.photon_persistent_disk.#": "0",
                            "spec.0.template.0.volume.0.quobyte.#": "0",
                            "spec.0.template.0.volume.0.rbd.#": "0",
                            "spec.0.template.0.volume.0.secret.#": "0",
                            "spec.0.template.0.volume.0.vsphere_volume.#": "0"
                        },
                        "meta": {
                            "e2bfb730-ecaa-11e6-8f88-34363bc7c4c0": {
                                "create": 600000000000,
                                "delete": 600000000000,
                                "update": 600000000000
                            }
                        },
                        "tainted": false
                    },
                    "deposed": [],
                    "provider": "provider.kubernetes"
                },
                "kubernetes_service.example": {
                    "type": "kubernetes_service",
                    "depends_on": [],
                    "primary": {
                        "id": "terraform-demo/web-server",
                        "attributes": {
                            "id": "terraform-demo/web-server",
                            "load_balancer_ingress.#": "0",
                            "metadata.#": "1",
                            "metadata.0.annotations.%": "0",
                            "metadata.0.generate_name": "",
                            "metadata.0.generation": "0",
                            "metadata.0.labels.%": "0",
                            "metadata.0.name": "web-server",
                            "metadata.0.namespace": "terraform-demo",
                            "metadata.0.resource_version": "5642423",
                            "metadata.0.self_link": "/api/v1/namespaces/terraform-demo/services/web-server",
                            "metadata.0.uid": "8bc532f1-6561-11e9-8c74-d222e60890f2",
                            "spec.#": "1",
                            "spec.0.cluster_ip": "10.0.23.133",
                            "spec.0.external_ips.#": "0",
                            "spec.0.external_name": "",
                            "spec.0.load_balancer_ip": "",
                            "spec.0.load_balancer_source_ranges.#": "0",
                            "spec.0.port.#": "1",
                            "spec.0.port.0.name": "",
                            "spec.0.port.0.node_port": "0",
                            "spec.0.port.0.port": "80",
                            "spec.0.port.0.protocol": "TCP",
                            "spec.0.port.0.target_port": "80",
                            "spec.0.publish_not_ready_addresses": "false",
                            "spec.0.selector.%": "1",
                            "spec.0.selector.app": "web-server",
                            "spec.0.session_affinity": "None",
                            "spec.0.type": "ClusterIP"
                        },
                        "meta": {},
                        "tainted": false
                    },
                    "deposed": [],
                    "provider": "provider.kubernetes"
                }
            },
            "depends_on": []
        }
    ]
}
